
Microsoft Visual Studio Solution File, Format Version 12.00
# Visual Studio 15
VisualStudioVersion = 15.0.27703.2042
MinimumVisualStudioVersion = 10.0.40219.1
Project("{FAE04EC0-301F-11D3-BF4B-00C04F79EFBC}") = "CVTTest.Domain", "CVTTest.Domain\CVTTest.Domain.csproj", "{852261F1-1CCA-4A54-AD05-525D79AF5197}"
EndProject
Project("{FAE04EC0-301F-11D3-BF4B-00C04F79EFBC}") = "CVTTest.DAL", "CVTTest.DAL\CVTTest.DAL.csproj", "{78B0D486-89AE-4321-8D9C-53E208ACE4A9}"
EndProject
Project("{FAE04EC0-301F-11D3-BF4B-00C04F79EFBC}") = "MVCCalendar", "MVCEventCalendar\MVCCalendar.csproj", "{AF646E7A-DA28-40C1-A4CF-D33F24804D6A}"
EndProject
Global
	GlobalSection(SolutionConfigurationPlatforms) = preSolution
		Debug|Any CPU = Debug|Any CPU
		Release|Any CPU = Release|Any CPU
	EndGlobalSection
	GlobalSection(ProjectConfigurationPlatforms) = postSolution
		{852261F1-1CCA-4A54-AD05-525D79AF5197}.Debug|Any CPU.ActiveCfg = Debug|Any CPU
		{852261F1-1CCA-4A54-AD05-525D79AF5197}.Debug|Any CPU.Build.0 = Debug|Any CPU
		{852261F1-1CCA-4A54-AD05-525D79AF5197}.Release|Any CPU.ActiveCfg = Release|Any CPU
		{852261F1-1CCA-4A54-AD05-525D79AF5197}.Release|Any CPU.Build.0 = Release|Any CPU
		{78B0D486-89AE-4321-8D9C-53E208ACE4A9}.Debug|Any CPU.ActiveCfg = Debug|Any CPU
		{78B0D486-89AE-4321-8D9C-53E208ACE4A9}.Debug|Any CPU.Build.0 = Debug|Any CPU
		{78B0D486-89AE-4321-8D9C-53E208ACE4A9}.Release|Any CPU.ActiveCfg = Release|Any CPU
		{78B0D486-89AE-4321-8D9C-53E208ACE4A9}.Release|Any CPU.Build.0 = Release|Any CPU
		{AF646E7A-DA28-40C1-A4CF-D33F24804D6A}.Debug|Any CPU.ActiveCfg = Debug|Any CPU
		{AF646E7A-DA28-40C1-A4CF-D33F24804D6A}.Debug|Any CPU.Build.0 = Debug|Any CPU
		{AF646E7A-DA28-40C1-A4CF-D33F24804D6A}.Release|Any CPU.ActiveCfg = Release|Any CPU
		{AF646E7A-DA28-40C1-A4CF-D33F24804D6A}.Release|Any CPU.Build.0 = Release|Any CPU
	EndGlobalSection
	GlobalSection(SolutionProperties) = preSolution
		HideSolutionNode = FALSE
	EndGlobalSection
	GlobalSection(ExtensibilityGlobals) = postSolution
		SolutionGuid = {FC040D32-E2EC-4B05-B65B-E86B13BA8025}
	EndGlobalSection
EndGlobal
